// !$*UTF8*$!
{
	archiveVersion = 1;
	classes = {
	};
	objectVersion = 50;
	objects = {

/* Begin PBXBuildFile section */
		A91ACC8C268FA13200E09523 /* AppDelegate.swift in Sources */ = {isa = PBXBuildFile; fileRef = A91ACC8B268FA13200E09523 /* AppDelegate.swift */; };
		A91ACC8E268FA13200E09523 /* SceneDelegate.swift in Sources */ = {isa = PBXBuildFile; fileRef = A91ACC8D268FA13200E09523 /* SceneDelegate.swift */; };
		A91ACC90268FA13200E09523 /* ViewController.swift in Sources */ = {isa = PBXBuildFile; fileRef = A91ACC8F268FA13200E09523 /* ViewController.swift */; };
		A91ACC95268FA13400E09523 /* Assets.xcassets in Resources */ = {isa = PBXBuildFile; fileRef = A91ACC94268FA13400E09523 /* Assets.xcassets */; };
		A91ACC98268FA13400E09523 /* LaunchScreen.storyboard in Resources */ = {isa = PBXBuildFile; fileRef = A91ACC96268FA13400E09523 /* LaunchScreen.storyboard */; };
		A91ACCA1268FA63A00E09523 /* Extensions.swift in Sources */ = {isa = PBXBuildFile; fileRef = A91ACCA0268FA63A00E09523 /* Extensions.swift */; };
		A91ACCA7268FA73400E09523 /* UiImage+ImageSources.swift in Sources */ = {isa = PBXBuildFile; fileRef = A91ACCA6268FA73400E09523 /* UiImage+ImageSources.swift */; };
		A91ACCA9268FA8B100E09523 /* Localizable.strings in Resources */ = {isa = PBXBuildFile; fileRef = A91ACCA8268FA8B100E09523 /* Localizable.strings */; };
		A91ACCAC268FA8EF00E09523 /* CustomTableViewCell.swift in Sources */ = {isa = PBXBuildFile; fileRef = A91ACCAB268FA8EF00E09523 /* CustomTableViewCell.swift */; };
		A91ACCAE268FA91A00E09523 /* PokedexView.swift in Sources */ = {isa = PBXBuildFile; fileRef = A91ACCAD268FA91A00E09523 /* PokedexView.swift */; };
		A91ACCB0268FA95900E09523 /* PokedexViewController.swift in Sources */ = {isa = PBXBuildFile; fileRef = A91ACCAF268FA95900E09523 /* PokedexViewController.swift */; };
		A98DEA2F269388ED00AD7199 /* PokeData.swift in Sources */ = {isa = PBXBuildFile; fileRef = A98DEA2E269388ED00AD7199 /* PokeData.swift */; };
		A98DEA312693891100AD7199 /* PokeLoader.swift in Sources */ = {isa = PBXBuildFile; fileRef = A98DEA302693891100AD7199 /* PokeLoader.swift */; };
		A98DEA332694D2FF00AD7199 /* DescripitionView.swift in Sources */ = {isa = PBXBuildFile; fileRef = A98DEA322694D2FF00AD7199 /* DescripitionView.swift */; };
		A98DEA362694D36400AD7199 /* DescriptionViewController.swift in Sources */ = {isa = PBXBuildFile; fileRef = A98DEA352694D36400AD7199 /* DescriptionViewController.swift */; };
		A98DEA5A2697861800AD7199 /* pokedex.json in Resources */ = {isa = PBXBuildFile; fileRef = A98DEA592697861800AD7199 /* pokedex.json */; };
/* End PBXBuildFile section */

/* Begin PBXFileReference section */
		A91ACC88268FA13200E09523 /* Pokedex.app */ = {isa = PBXFileReference; explicitFileType = wrapper.application; includeInIndex = 0; path = Pokedex.app; sourceTree = BUILT_PRODUCTS_DIR; };
		A91ACC8B268FA13200E09523 /* AppDelegate.swift */ = {isa = PBXFileReference; lastKnownFileType = sourcecode.swift; path = AppDelegate.swift; sourceTree = "<group>"; };
		A91ACC8D268FA13200E09523 /* SceneDelegate.swift */ = {isa = PBXFileReference; lastKnownFileType = sourcecode.swift; path = SceneDelegate.swift; sourceTree = "<group>"; };
		A91ACC8F268FA13200E09523 /* ViewController.swift */ = {isa = PBXFileReference; lastKnownFileType = sourcecode.swift; path = ViewController.swift; sourceTree = "<group>"; };
		A91ACC94268FA13400E09523 /* Assets.xcassets */ = {isa = PBXFileReference; lastKnownFileType = folder.assetcatalog; path = Assets.xcassets; sourceTree = "<group>"; };
		A91ACC97268FA13400E09523 /* Base */ = {isa = PBXFileReference; lastKnownFileType = file.storyboard; name = Base; path = Base.lproj/LaunchScreen.storyboard; sourceTree = "<group>"; };
		A91ACC99268FA13400E09523 /* Info.plist */ = {isa = PBXFileReference; lastKnownFileType = text.plist.xml; path = Info.plist; sourceTree = "<group>"; };
		A91ACCA0268FA63A00E09523 /* Extensions.swift */ = {isa = PBXFileReference; lastKnownFileType = sourcecode.swift; path = Extensions.swift; sourceTree = "<group>"; };
		A91ACCA6268FA73400E09523 /* UiImage+ImageSources.swift */ = {isa = PBXFileReference; lastKnownFileType = sourcecode.swift; path = "UiImage+ImageSources.swift"; sourceTree = "<group>"; };
		A91ACCA8268FA8B100E09523 /* Localizable.strings */ = {isa = PBXFileReference; lastKnownFileType = text.plist.strings; path = Localizable.strings; sourceTree = "<group>"; };
		A91ACCAB268FA8EF00E09523 /* CustomTableViewCell.swift */ = {isa = PBXFileReference; lastKnownFileType = sourcecode.swift; path = CustomTableViewCell.swift; sourceTree = "<group>"; };
		A91ACCAD268FA91A00E09523 /* PokedexView.swift */ = {isa = PBXFileReference; lastKnownFileType = sourcecode.swift; path = PokedexView.swift; sourceTree = "<group>"; };
		A91ACCAF268FA95900E09523 /* PokedexViewController.swift */ = {isa = PBXFileReference; lastKnownFileType = sourcecode.swift; path = PokedexViewController.swift; sourceTree = "<group>"; };
		A98DEA2E269388ED00AD7199 /* PokeData.swift */ = {isa = PBXFileReference; lastKnownFileType = sourcecode.swift; path = PokeData.swift; sourceTree = "<group>"; };
		A98DEA302693891100AD7199 /* PokeLoader.swift */ = {isa = PBXFileReference; lastKnownFileType = sourcecode.swift; path = PokeLoader.swift; sourceTree = "<group>"; };
		A98DEA322694D2FF00AD7199 /* DescripitionView.swift */ = {isa = PBXFileReference; lastKnownFileType = sourcecode.swift; path = DescripitionView.swift; sourceTree = "<group>"; };
		A98DEA352694D36400AD7199 /* DescriptionViewController.swift */ = {isa = PBXFileReference; lastKnownFileType = sourcecode.swift; path = DescriptionViewController.swift; sourceTree = "<group>"; };
		A98DEA592697861800AD7199 /* pokedex.json */ = {isa = PBXFileReference; fileEncoding = 4; lastKnownFileType = text.json; name = pokedex.json; path = "../../../../../../../Documents/Pokedex-Ios/pokedex.json"; sourceTree = "<group>"; };
/* End PBXFileReference section */

/* Begin PBXFrameworksBuildPhase section */
		A91ACC85268FA13200E09523 /* Frameworks */ = {
			isa = PBXFrameworksBuildPhase;
			buildActionMask = 2147483647;
			files = (
			);
			runOnlyForDeploymentPostprocessing = 0;
		};
/* End PBXFrameworksBuildPhase section */

/* Begin PBXGroup section */
		A91ACC7F268FA13200E09523 = {
			isa = PBXGroup;
			children = (
				A91ACC8A268FA13200E09523 /* Pokedex */,
				A91ACC89268FA13200E09523 /* Products */,
			);
			sourceTree = "<group>";
		};
		A91ACC89268FA13200E09523 /* Products */ = {
			isa = PBXGroup;
			children = (
				A91ACC88268FA13200E09523 /* Pokedex.app */,
			);
			name = Products;
			sourceTree = "<group>";
		};
		A91ACC8A268FA13200E09523 /* Pokedex */ = {
			isa = PBXGroup;
			children = (
				A98DEA342694D31300AD7199 /* DesciptionScreen */,
				A91ACCAA268FA8CE00E09523 /* MainTableScreen */,
				A91ACCA2268FA6B700E09523 /* AppUiKit */,
				A91ACC9F268FA61C00E09523 /* Extensions */,
				A91ACC8B268FA13200E09523 /* AppDelegate.swift */,
				A91ACC8D268FA13200E09523 /* SceneDelegate.swift */,
				A91ACC8F268FA13200E09523 /* ViewController.swift */,
				A91ACC96268FA13400E09523 /* LaunchScreen.storyboard */,
				A91ACC99268FA13400E09523 /* Info.plist */,
				A91ACCA8268FA8B100E09523 /* Localizable.strings */,
			);
			path = Pokedex;
			sourceTree = "<group>";
		};
		A91ACC9F268FA61C00E09523 /* Extensions */ = {
			isa = PBXGroup;
			children = (
				A91ACCA0268FA63A00E09523 /* Extensions.swift */,
			);
			path = Extensions;
			sourceTree = "<group>";
		};
		A91ACCA2268FA6B700E09523 /* AppUiKit */ = {
			isa = PBXGroup;
			children = (
				A91ACCA3268FA6D000E09523 /* Resources */,
			);
			path = AppUiKit;
			sourceTree = "<group>";
		};
		A91ACCA3268FA6D000E09523 /* Resources */ = {
			isa = PBXGroup;
			children = (
				A91ACC94268FA13400E09523 /* Assets.xcassets */,
				A91ACCA6268FA73400E09523 /* UiImage+ImageSources.swift */,
			);
			path = Resources;
			sourceTree = "<group>";
		};
		A91ACCAA268FA8CE00E09523 /* MainTableScreen */ = {
			isa = PBXGroup;
			children = (
				A98DEA592697861800AD7199 /* pokedex.json */,
				A91ACCAB268FA8EF00E09523 /* CustomTableViewCell.swift */,
				A91ACCAD268FA91A00E09523 /* PokedexView.swift */,
				A91ACCAF268FA95900E09523 /* PokedexViewController.swift */,
				A98DEA2E269388ED00AD7199 /* PokeData.swift */,
				A98DEA302693891100AD7199 /* PokeLoader.swift */,
			);
			path = MainTableScreen;
			sourceTree = "<group>";
		};
		A98DEA342694D31300AD7199 /* DesciptionScreen */ = {
			isa = PBXGroup;
			children = (
				A98DEA322694D2FF00AD7199 /* DescripitionView.swift */,
				A98DEA352694D36400AD7199 /* DescriptionViewController.swift */,
			);
			path = DesciptionScreen;
			sourceTree = "<group>";
		};
/* End PBXGroup section */

/* Begin PBXNativeTarget section */
		A91ACC87268FA13200E09523 /* Pokedex */ = {
			isa = PBXNativeTarget;
			buildConfigurationList = A91ACC9C268FA13400E09523 /* Build configuration list for PBXNativeTarget "Pokedex" */;
			buildPhases = (
				A91ACC84268FA13200E09523 /* Sources */,
				A91ACC85268FA13200E09523 /* Frameworks */,
				A91ACC86268FA13200E09523 /* Resources */,
			);
			buildRules = (
			);
			dependencies = (
			);
			name = Pokedex;
			productName = Pokedex;
			productReference = A91ACC88268FA13200E09523 /* Pokedex.app */;
			productType = "com.apple.product-type.application";
		};
/* End PBXNativeTarget section */

/* Begin PBXProject section */
		A91ACC80268FA13200E09523 /* Project object */ = {
			isa = PBXProject;
			attributes = {
				LastSwiftUpdateCheck = 1250;
				LastUpgradeCheck = 1250;
				TargetAttributes = {
					A91ACC87268FA13200E09523 = {
						CreatedOnToolsVersion = 12.5.1;
					};
				};
			};
			buildConfigurationList = A91ACC83268FA13200E09523 /* Build configuration list for PBXProject "Pokedex" */;
			compatibilityVersion = "Xcode 9.3";
			developmentRegion = en;
			hasScannedForEncodings = 0;
			knownRegions = (
				en,
				Base,
			);
			mainGroup = A91ACC7F268FA13200E09523;
			productRefGroup = A91ACC89268FA13200E09523 /* Products */;
			projectDirPath = "";
			projectRoot = "";
			targets = (
				A91ACC87268FA13200E09523 /* Pokedex */,
			);
		};
/* End PBXProject section */

/* Begin PBXResourcesBuildPhase section */
		A91ACC86268FA13200E09523 /* Resources */ = {
			isa = PBXResourcesBuildPhase;
			buildActionMask = 2147483647;
			files = (
				A98DEA5A2697861800AD7199 /* pokedex.json in Resources */,
				A91ACC98268FA13400E09523 /* LaunchScreen.storyboard in Resources */,
				A91ACCA9268FA8B100E09523 /* Localizable.strings in Resources */,
				A91ACC95268FA13400E09523 /* Assets.xcassets in Resources */,
			);
			runOnlyForDeploymentPostprocessing = 0;
		};
/* End PBXResourcesBuildPhase section */

/* Begin PBXSourcesBuildPhase section */
		A91ACC84268FA13200E09523 /* Sources */ = {
			isa = PBXSourcesBuildPhase;
			buildActionMask = 2147483647;
			files = (
				A91ACCAC268FA8EF00E09523 /* CustomTableViewCell.swift in Sources */,
				A91ACCAE268FA91A00E09523 /* PokedexView.swift in Sources */,
				A98DEA2F269388ED00AD7199 /* PokeData.swift in Sources */,
				A98DEA362694D36400AD7199 /* DescriptionViewController.swift in Sources */,
				A98DEA332694D2FF00AD7199 /* DescripitionView.swift in Sources */,
				A91ACC90268FA13200E09523 /* ViewController.swift in Sources */,
				A91ACC8C268FA13200E09523 /* AppDelegate.swift in Sources */,
				A98DEA312693891100AD7199 /* PokeLoader.swift in Sources */,
				A91ACC8E268FA13200E09523 /* SceneDelegate.swift in Sources */,
				A91ACCB0268FA95900E09523 /* PokedexViewController.swift in Sources */,
				A91ACCA1268FA63A00E09523 /* Extensions.swift in Sources */,
				A91ACCA7268FA73400E09523 /* UiImage+ImageSources.swift in Sources */,
			);
			runOnlyForDeploymentPostprocessing = 0;
		};
/* End PBXSourcesBuildPhase section */

/* Begin PBXVariantGroup section */
		A91ACC96268FA13400E09523 /* LaunchScreen.storyboard */ = {
			isa = PBXVariantGroup;
			children = (
				A91ACC97268FA13400E09523 /* Base */,
			);
			name = LaunchScreen.storyboard;
			sourceTree = "<group>";
		};
/* End PBXVariantGroup section */

/* Begin XCBuildConfiguration section */
		A91ACC9A268FA13400E09523 /* Debug */ = {
			isa = XCBuildConfiguration;
			buildSettings = {
				ALWAYS_SEARCH_USER_PATHS = NO;
				CLANG_ANALYZER_NONNULL = YES;
				CLANG_ANALYZER_NUMBER_OBJECT_CONVERSION = YES_AGGRESSIVE;
				CLANG_CXX_LANGUAGE_STANDARD = "gnu++14";
				CLANG_CXX_LIBRARY = "libc++";
				CLANG_ENABLE_MODULES = YES;
				CLANG_ENABLE_OBJC_ARC = YES;
				CLANG_ENABLE_OBJC_WEAK = YES;
				CLANG_WARN_BLOCK_CAPTURE_AUTORELEASING = YES;
				CLANG_WARN_BOOL_CONVERSION = YES;
				CLANG_WARN_COMMA = YES;
				CLANG_WARN_CONSTANT_CONVERSION = YES;
				CLANG_WARN_DEPRECATED_OBJC_IMPLEMENTATIONS = YES;
				CLANG_WARN_DIRECT_OBJC_ISA_USAGE = YES_ERROR;
				CLANG_WARN_DOCUMENTATION_COMMENTS = YES;
				CLANG_WARN_EMPTY_BODY = YES;
				CLANG_WARN_ENUM_CONVERSION = YES;
				CLANG_WARN_INFINITE_RECURSION = YES;
				CLANG_WARN_INT_CONVERSION = YES;
				CLANG_WARN_NON_LITERAL_NULL_CONVERSION = YES;
				CLANG_WARN_OBJC_IMPLICIT_RETAIN_SELF = YES;
				CLANG_WARN_OBJC_LITERAL_CONVERSION = YES;
				CLANG_WARN_OBJC_ROOT_CLASS = YES_ERROR;
				CLANG_WARN_QUOTED_INCLUDE_IN_FRAMEWORK_HEADER = YES;
				CLANG_WARN_RANGE_LOOP_ANALYSIS = YES;
				CLANG_WARN_STRICT_PROTOTYPES = YES;
				CLANG_WARN_SUSPICIOUS_MOVE = YES;
				CLANG_WARN_UNGUARDED_AVAILABILITY = YES_AGGRESSIVE;
				CLANG_WARN_UNREACHABLE_CODE = YES;
				CLANG_WARN__DUPLICATE_METHOD_MATCH = YES;
				COPY_PHASE_STRIP = NO;
				DEBUG_INFORMATION_FORMAT = dwarf;
				ENABLE_STRICT_OBJC_MSGSEND = YES;
				ENABLE_TESTABILITY = YES;
				GCC_C_LANGUAGE_STANDARD = gnu11;
				GCC_DYNAMIC_NO_PIC = NO;
				GCC_NO_COMMON_BLOCKS = YES;
				GCC_OPTIMIZATION_LEVEL = 0;
				GCC_PREPROCESSOR_DEFINITIONS = (
					"DEBUG=1",
					"$(inherited)",
				);
				GCC_WARN_64_TO_32_BIT_CONVERSION = YES;
				GCC_WARN_ABOUT_RETURN_TYPE = YES_ERROR;
				GCC_WARN_UNDECLARED_SELECTOR = YES;
				GCC_WARN_UNINITIALIZED_AUTOS = YES_AGGRESSIVE;
				GCC_WARN_UNUSED_FUNCTION = YES;
				GCC_WARN_UNUSED_VARIABLE = YES;
				IPHONEOS_DEPLOYMENT_TARGET = 14.5;
				MTL_ENABLE_DEBUG_INFO = INCLUDE_SOURCE;
				MTL_FAST_MATH = YES;
				ONLY_ACTIVE_ARCH = YES;
				SDKROOT = iphoneos;
				SWIFT_ACTIVE_COMPILATION_CONDITIONS = DEBUG;
				SWIFT_OPTIMIZATION_LEVEL = "-Onone";
			};
			name = Debug;
		};
		A91ACC9B268FA13400E09523 /* Release */ = {
			isa = XCBuildConfiguration;
			buildSettings = {
				ALWAYS_SEARCH_USER_PATHS = NO;
				CLANG_ANALYZER_NONNULL = YES;
				CLANG_ANALYZER_NUMBER_OBJECT_CONVERSION = YES_AGGRESSIVE;
				CLANG_CXX_LANGUAGE_STANDARD = "gnu++14";
				CLANG_CXX_LIBRARY = "libc++";
				CLANG_ENABLE_MODULES = YES;
				CLANG_ENABLE_OBJC_ARC = YES;
				CLANG_ENABLE_OBJC_WEAK = YES;
				CLANG_WARN_BLOCK_CAPTURE_AUTORELEASING = YES;
				CLANG_WARN_BOOL_CONVERSION = YES;
				CLANG_WARN_COMMA = YES;
				CLANG_WARN_CONSTANT_CONVERSION = YES;
				CLANG_WARN_DEPRECATED_OBJC_IMPLEMENTATIONS = YES;
				CLANG_WARN_DIRECT_OBJC_ISA_USAGE = YES_ERROR;
				CLANG_WARN_DOCUMENTATION_COMMENTS = YES;
				CLANG_WARN_EMPTY_BODY = YES;
				CLANG_WARN_ENUM_CONVERSION = YES;
				CLANG_WARN_INFINITE_RECURSION = YES;
				CLANG_WARN_INT_CONVERSION = YES;
				CLANG_WARN_NON_LITERAL_NULL_CONVERSION = YES;
				CLANG_WARN_OBJC_IMPLICIT_RETAIN_SELF = YES;
				CLANG_WARN_OBJC_LITERAL_CONVERSION = YES;
				CLANG_WARN_OBJC_ROOT_CLASS = YES_ERROR;
				CLANG_WARN_QUOTED_INCLUDE_IN_FRAMEWORK_HEADER = YES;
				CLANG_WARN_RANGE_LOOP_ANALYSIS = YES;
				CLANG_WARN_STRICT_PROTOTYPES = YES;
				CLANG_WARN_SUSPICIOUS_MOVE = YES;
				CLANG_WARN_UNGUARDED_AVAILABILITY = YES_AGGRESSIVE;
				CLANG_WARN_UNREACHABLE_CODE = YES;
				CLANG_WARN__DUPLICATE_METHOD_MATCH = YES;
				COPY_PHASE_STRIP = NO;
				DEBUG_INFORMATION_FORMAT = "dwarf-with-dsym";
				ENABLE_NS_ASSERTIONS = NO;
				ENABLE_STRICT_OBJC_MSGSEND = YES;
				GCC_C_LANGUAGE_STANDARD = gnu11;
				GCC_NO_COMMON_BLOCKS = YES;
				GCC_WARN_64_TO_32_BIT_CONVERSION = YES;
				GCC_WARN_ABOUT_RETURN_TYPE = YES_ERROR;
				GCC_WARN_UNDECLARED_SELECTOR = YES;
				GCC_WARN_UNINITIALIZED_AUTOS = YES_AGGRESSIVE;
				GCC_WARN_UNUSED_FUNCTION = YES;
				GCC_WARN_UNUSED_VARIABLE = YES;
				IPHONEOS_DEPLOYMENT_TARGET = 14.5;
				MTL_ENABLE_DEBUG_INFO = NO;
				MTL_FAST_MATH = YES;
				SDKROOT = iphoneos;
				SWIFT_COMPILATION_MODE = wholemodule;
				SWIFT_OPTIMIZATION_LEVEL = "-O";
				VALIDATE_PRODUCT = YES;
			};
			name = Release;
		};
		A91ACC9D268FA13400E09523 /* Debug */ = {
			isa = XCBuildConfiguration;
			buildSettings = {
				ASSETCATALOG_COMPILER_APPICON_NAME = AppIcon;
				ASSETCATALOG_COMPILER_GLOBAL_ACCENT_COLOR_NAME = AccentColor;
				CODE_SIGN_STYLE = Automatic;
				INFOPLIST_FILE = Pokedex/Info.plist;
				LD_RUNPATH_SEARCH_PATHS = (
					"$(inherited)",
					"@executable_path/Frameworks",
				);
				PRODUCT_BUNDLE_IDENTIFIER = Abidu.Pokedex;
				PRODUCT_NAME = "$(TARGET_NAME)";
				SWIFT_VERSION = 5.0;
				TARGETED_DEVICE_FAMILY = "1,2";
			};
			name = Debug;
		};
		A91ACC9E268FA13400E09523 /* Release */ = {
			isa = XCBuildConfiguration;
			buildSettings = {
				ASSETCATALOG_COMPILER_APPICON_NAME = AppIcon;
				ASSETCATALOG_COMPILER_GLOBAL_ACCENT_COLOR_NAME = AccentColor;
				CODE_SIGN_STYLE = Automatic;
				INFOPLIST_FILE = Pokedex/Info.plist;
				LD_RUNPATH_SEARCH_PATHS = (
					"$(inherited)",
					"@executable_path/Frameworks",
				);
				PRODUCT_BUNDLE_IDENTIFIER = Abidu.Pokedex;
				PRODUCT_NAME = "$(TARGET_NAME)";
				SWIFT_VERSION = 5.0;
				TARGETED_DEVICE_FAMILY = "1,2";
			};
			name = Release;
		};
/* End XCBuildConfiguration section */

/* Begin XCConfigurationList section */
		A91ACC83268FA13200E09523 /* Build configuration list for PBXProject "Pokedex" */ = {
			isa = XCConfigurationList;
			buildConfigurations = (
				A91ACC9A268FA13400E09523 /* Debug */,
				A91ACC9B268FA13400E09523 /* Release */,
			);
			defaultConfigurationIsVisible = 0;
			defaultConfigurationName = Release;
		};
		A91ACC9C268FA13400E09523 /* Build configuration list for PBXNativeTarget "Pokedex" */ = {
			isa = XCConfigurationList;
			buildConfigurations = (
				A91ACC9D268FA13400E09523 /* Debug */,
				A91ACC9E268FA13400E09523 /* Release */,
			);
			defaultConfigurationIsVisible = 0;
			defaultConfigurationName = Release;
		};
/* End XCConfigurationList section */
	};
	rootObject = A91ACC80268FA13200E09523 /* Project object */;
}
